{
  "name": "calculator-exam",
  "lockfileVersion": 2,
  "requires": true,
  "packages": {
    "": {
      "dependencies": {
        "read": "^2.0.0",
        "readline-sync": "^1.4.10"
      }
    },
    "node_modules/mute-stream": {
      "version": "1.0.0",
      "resolved": "https://registry.npmjs.org/mute-stream/-/mute-stream-1.0.0.tgz",
      "integrity": "sha512-avsJQhyd+680gKXyG/sQc0nXaC6rBkPOfyHYcFb9+hdkqQkR9bdnkJ0AMZhke0oesPqIO+mFFJ+IdBc7mst4IA==",
      "engines": {
        "node": "^14.17.0 || ^16.13.0 || >=18.0.0"
      }
    },
    "node_modules/read": {
      "version": "2.0.0",
      "resolved": "https://registry.npmjs.org/read/-/read-2.0.0.tgz",
      "integrity": "sha512-88JMmpeeRYzW9gvIpYyXlYadWanW4vB2CYtDDVBfbRpbSogUNjTWEBXxJXMIVFSLjWVdCcdcIjI3+VV3Z2e9mw==",
      "dependencies": {
        "mute-stream": "~1.0.0"
      },
      "engines": {
        "node": "^14.17.0 || ^16.13.0 || >=18.0.0"
      }
    },
    "node_modules/readline-sync": {
      "version": "1.4.10",
      "resolved": "https://registry.npmjs.org/readline-sync/-/readline-sync-1.4.10.tgz",
      "integrity": "sha512-gNva8/6UAe8QYepIQH/jQ2qn91Qj0B9sYjMBBs3QOB8F2CXcKgLxQaJRP76sWVRQt+QU+8fAkCbCvjjMFu7Ycw==",
      "engines": {
        "node": ">= 0.8.0"
      }
    }
  },
  "dependencies": {
    "mute-stream": {
      "version": "1.0.0",
      "resolved": "https://registry.npmjs.org/mute-stream/-/mute-stream-1.0.0.tgz",
      "integrity": "sha512-avsJQhyd+680gKXyG/sQc0nXaC6rBkPOfyHYcFb9+hdkqQkR9bdnkJ0AMZhke0oesPqIO+mFFJ+IdBc7mst4IA=="
    },
    "read": {
      "version": "2.0.0",
      "resolved": "https://registry.npmjs.org/read/-/read-2.0.0.tgz",
      "integrity": "sha512-88JMmpeeRYzW9gvIpYyXlYadWanW4vB2CYtDDVBfbRpbSogUNjTWEBXxJXMIVFSLjWVdCcdcIjI3+VV3Z2e9mw==",
      "requires": {
        "mute-stream": "~1.0.0"
      }
    },
    "readline-sync": {
      "version": "1.4.10",
      "resolved": "https://registry.npmjs.org/readline-sync/-/readline-sync-1.4.10.tgz",
      "integrity": "sha512-gNva8/6UAe8QYepIQH/jQ2qn91Qj0B9sYjMBBs3QOB8F2CXcKgLxQaJRP76sWVRQt+QU+8fAkCbCvjjMFu7Ycw=="
    }
  }
}
